
Microsoft Visual Studio Solution File, Format Version 12.00
# Visual Studio Version 17
VisualStudioVersion = 17.13.35825.156 d17.13
MinimumVisualStudioVersion = 10.0.40219.1
Project("{FAE04EC0-301F-11D3-BF4B-00C04F79EFBC}") = "WebAssemblyBlazorApp", "WebAssemblyBlazorApp.csproj", "{4B8D0634-7632-45FC-96CB-EC0685DFFADF}"
EndProject
Global
	GlobalSection(SolutionConfigurationPlatforms) = preSolution
		Debug|Any CPU = Debug|Any CPU
		Release|Any CPU = Release|Any CPU
	EndGlobalSection
	GlobalSection(ProjectConfigurationPlatforms) = postSolution
		{4B8D0634-7632-45FC-96CB-EC0685DFFADF}.Debug|Any CPU.ActiveCfg = Debug|Any CPU
		{4B8D0634-7632-45FC-96CB-EC0685DFFADF}.Debug|Any CPU.Build.0 = Debug|Any CPU
		{4B8D0634-7632-45FC-96CB-EC0685DFFADF}.Release|Any CPU.ActiveCfg = Release|Any CPU
		{4B8D0634-7632-45FC-96CB-EC0685DFFADF}.Release|Any CPU.Build.0 = Release|Any CPU
	EndGlobalSection
	GlobalSection(SolutionProperties) = preSolution
		HideSolutionNode = FALSE
	EndGlobalSection
	GlobalSection(ExtensibilityGlobals) = postSolution
		SolutionGuid = {1CAF6B07-03F1-4383-974D-0B3D79B9EC2B}
	EndGlobalSection
EndGlobal
